// !$*UTF8*$!
{
	archiveVersion = 1;
	classes = {
	};
	objectVersion = 77;
	objects = {

/* Begin PBXBuildFile section */
		0235A302E4831A164F6AACD3 /* MatchTipStore.swift in Sources */ = {isa = PBXBuildFile; fileRef = BA3F7770FA3E3ED86F2A7220 /* MatchTipStore.swift */; };
		032740E2886B78A8EC126531 /* HBSkeleton.swift in Sources */ = {isa = PBXBuildFile; fileRef = 0790947E1F75FC66B9D5E802 /* HBSkeleton.swift */; };
		03CB7751F0D53D831E441E02 /* Theme.swift in Sources */ = {isa = PBXBuildFile; fileRef = A23BA156A61409343B2A454C /* Theme.swift */; };
		0728AE88DDEC90F5B725CA99 /* FantasyScoring.swift in Sources */ = {isa = PBXBuildFile; fileRef = 6BD4938E43B565DF6FD7BAE5 /* FantasyScoring.swift */; };
		1C3BCA840D5227092AE90A85 /* MatchesByCompetitionView.swift in Sources */ = {isa = PBXBuildFile; fileRef = 45712E6A226C62DA6CBE10ED /* MatchesByCompetitionView.swift */; };
		1DEDD2F1978840515BD894F6 /* MockHokejbalAPI.swift in Sources */ = {isa = PBXBuildFile; fileRef = 71C13FB9044679F64715A51C /* MockHokejbalAPI.swift */; };
		23C76023A1A8354C2214C1EF /* MainTabView.swift in Sources */ = {isa = PBXBuildFile; fileRef = 159681556D036A4CF06A2CA1 /* MainTabView.swift */; };
		29C7CF8D21DE71600F1D98DD /* HokejbalAPI.swift in Sources */ = {isa = PBXBuildFile; fileRef = FCFE5DEADEB1EBDE0D30BA71 /* HokejbalAPI.swift */; };
		2FE6DB9B8AA0C62ECC3CF903 /* FavoritesView.swift in Sources */ = {isa = PBXBuildFile; fileRef = 428938D1D415D7B7915B7D5B /* FavoritesView.swift */; };
		3782EDA32D1166B16E1EF5A2 /* Stores.swift in Sources */ = {isa = PBXBuildFile; fileRef = 50C1A82347E484D47C6A6C66 /* Stores.swift */; };
		395DF474D49D1E598F63C4AD /* AmateurCreateWizard.swift in Sources */ = {isa = PBXBuildFile; fileRef = 2D7465D5C2C05F11BD2E7D7D /* AmateurCreateWizard.swift */; };
		3DB317640B7AFE4EABC54257 /* AmateurTournamentsView.swift in Sources */ = {isa = PBXBuildFile; fileRef = 481B0CEE5375578159898DCB /* AmateurTournamentsView.swift */; };
		3EE82D51D40FC902F116B18F /* StandingsCompute.swift in Sources */ = {isa = PBXBuildFile; fileRef = 4AC38582305BB5F9D1CFEFC7 /* StandingsCompute.swift */; };
		40858C3D8DDE372691497546 /* AuthScreens.swift in Sources */ = {isa = PBXBuildFile; fileRef = 388EDFAC1BF46D3069D4806B /* AuthScreens.swift */; };
		40A9F1E01BC805F6F55D2667 /* HBSolidMenu.swift in Sources */ = {isa = PBXBuildFile; fileRef = BA48939022459AC2A7BD6D8B /* HBSolidMenu.swift */; };
		44DDFD993E09D24B1C5177FD /* HBPillSelector.swift in Sources */ = {isa = PBXBuildFile; fileRef = F7F128AC6988C441EE8F06FA /* HBPillSelector.swift */; };
		4514A8F301F20A300CB2B8B7 /* CommonViews.swift in Sources */ = {isa = PBXBuildFile; fileRef = 0DEB0E7450BCD0D8597A9309 /* CommonViews.swift */; };
		48AFD8824FC853B2C1DE89B2 /* SupabaseConfig.swift in Sources */ = {isa = PBXBuildFile; fileRef = A91839024E594CD731931377 /* SupabaseConfig.swift */; };
		4A24B11E197C7FEDB9D4C11D /* MatchDetailView.swift in Sources */ = {isa = PBXBuildFile; fileRef = 14AAF6DD1957BE7B5E429D39 /* MatchDetailView.swift */; };
		4A333A9F6016A17B31AB3FB9 /* FantasyMockAttributes.swift in Sources */ = {isa = PBXBuildFile; fileRef = 6A627BF6D19EB4CB2041B9F9 /* FantasyMockAttributes.swift */; };
		4D77C1BDD7203119A25FA57E /* MatchDayStrip.swift in Sources */ = {isa = PBXBuildFile; fileRef = CD8A3F0C2D3921FE29053AF9 /* MatchDayStrip.swift */; };
		50DE51C4DC56563175DFF68B /* LiveView.swift in Sources */ = {isa = PBXBuildFile; fileRef = 4B9DC695B7A39891DE66797B /* LiveView.swift */; };
		52612C3D1D7C670099C712A9 /* HomeView.swift in Sources */ = {isa = PBXBuildFile; fileRef = 29633B54FF3D95C83F802636 /* HomeView.swift */; };
		52A3247ACD6E7898EAED15AE /* SettingsView.swift in Sources */ = {isa = PBXBuildFile; fileRef = 10C9CFA630E2A385BAAF2B44 /* SettingsView.swift */; };
		5DE52A80EF8933C4A6DAE95F /* CMSHBBrowserShell.swift in Sources */ = {isa = PBXBuildFile; fileRef = D6880BD0020329831CEDDF31 /* CMSHBBrowserShell.swift */; };
		6E2B44DBFCAB0361489BB3DB /* TeamDetailView.swift in Sources */ = {isa = PBXBuildFile; fileRef = 047D6545E51F3D7FCA10D558 /* TeamDetailView.swift */; };
		6FAE7D12617F912FCCC008F9 /* AppBrandStore.swift in Sources */ = {isa = PBXBuildFile; fileRef = 09C77FC29E932BA55B963B8E /* AppBrandStore.swift */; };
		71E21F9A383F5B9B77F799E5 /* SiteSwitchSheet.swift in Sources */ = {isa = PBXBuildFile; fileRef = 1FDCBA2E831B10B528462D81 /* SiteSwitchSheet.swift */; };
		759E23F57C0B13D896F41639 /* TeamFormStrip.swift in Sources */ = {isa = PBXBuildFile; fileRef = 70B15C3B14F91F1EEFBBAE3B /* TeamFormStrip.swift */; };
		7625F100A58A7FFFAA3C80CA /* SupabaseAuthAPI.swift in Sources */ = {isa = PBXBuildFile; fileRef = 9A88CF842209696E6FAF0DAF /* SupabaseAuthAPI.swift */; };
		764715FE0703576DB11D1799 /* CompetitionStats.swift in Sources */ = {isa = PBXBuildFile; fileRef = A26D2B9F5352D18C1104B232 /* CompetitionStats.swift */; };
		76E3FE81581DB88448DAFF62 /* TipovaniView.swift in Sources */ = {isa = PBXBuildFile; fileRef = 4B8232BE540CFDF4A011F5D8 /* TipovaniView.swift */; };
		7F90D42FA0CAD35ED3A51EB4 /* AuthComponents.swift in Sources */ = {isa = PBXBuildFile; fileRef = 5DA058008AB760AA8B7CAC0F /* AuthComponents.swift */; };
		8D38C108F2F762F3E4C9F71B /* AuthStore.swift in Sources */ = {isa = PBXBuildFile; fileRef = F8DA067429C742F8A61F1F6E /* AuthStore.swift */; };
		8E872CB48D965C8594CA8431 /* HokejbalApp.swift in Sources */ = {isa = PBXBuildFile; fileRef = 5537609AE4F349D3DFD7F571 /* HokejbalApp.swift */; };
		8EC2DDF3C4F6C38DDB0816CD /* FantasyAttributes.swift in Sources */ = {isa = PBXBuildFile; fileRef = 9DBC48FCB8FE3B66BD399AD3 /* FantasyAttributes.swift */; };
		93CB5CB523AFBD6CB70C4B0B /* MoreView.swift in Sources */ = {isa = PBXBuildFile; fileRef = 4F6F74D6DAD9EE0B64B74EDF /* MoreView.swift */; };
		94C6AFCCB2B5C4BE1979DE35 /* BrandLogo.swift in Sources */ = {isa = PBXBuildFile; fileRef = C87049AC07F0735B880DC9BD /* BrandLogo.swift */; };
		972D1B07AE05C7C305147698 /* Assets.xcassets in Resources */ = {isa = PBXBuildFile; fileRef = F0FD1C5FE1FD7658BA2C7170 /* Assets.xcassets */; };
		9A71565898E115DFDA465BE0 /* PlayerSearchView.swift in Sources */ = {isa = PBXBuildFile; fileRef = C64552FF8A6C65907E74788B /* PlayerSearchView.swift */; };
		A0FCE13959EA7EC17E18C7A0 /* FantasySquadStore.swift in Sources */ = {isa = PBXBuildFile; fileRef = 0BA29057E7DF062A3C816E35 /* FantasySquadStore.swift */; };
		A2C7B8EE2E704B01F4675191 /* NewsView.swift in Sources */ = {isa = PBXBuildFile; fileRef = 4639EC7270DEA48F7F47CCE1 /* NewsView.swift */; };
		A72F0F8E77E9A359D60DF409 /* FantasyView.swift in Sources */ = {isa = PBXBuildFile; fileRef = 699437FB4D5C7AAC4F4CE099 /* FantasyView.swift */; };
		A7CF7584E6B99B506912F23D /* HBAppearance.swift in Sources */ = {isa = PBXBuildFile; fileRef = CC1B45B8A1C31BF05E0CAD17 /* HBAppearance.swift */; };
		AA062481542C53BDC6982687 /* Models.swift in Sources */ = {isa = PBXBuildFile; fileRef = B3F8D5289259278645387A09 /* Models.swift */; };
		AE207C3EBAF107E11527F0FD /* FantasyPlayerCard.swift in Sources */ = {isa = PBXBuildFile; fileRef = 03D3D09796DE872346DE065A /* FantasyPlayerCard.swift */; };
		BACDAAF8FAF58989167302A9 /* AmateurAdminView.swift in Sources */ = {isa = PBXBuildFile; fileRef = CC4CD751F46055B8067B16E1 /* AmateurAdminView.swift */; };
		BEEDC432751676DFC3655990 /* InAppBannerCenter.swift in Sources */ = {isa = PBXBuildFile; fileRef = 4FFAA667E55A1AA38EE3FA1E /* InAppBannerCenter.swift */; };
		C2696AC5B9796090E7F82B3B /* HokejbalCzNewsClient.swift in Sources */ = {isa = PBXBuildFile; fileRef = BF99E74F6D04BAD5D2327462 /* HokejbalCzNewsClient.swift */; };
		C3ED9A2A5CE68952E3250B57 /* MatchListCache.swift in Sources */ = {isa = PBXBuildFile; fileRef = 8DD8B9854E9A130DAD30F5CC /* MatchListCache.swift */; };
		C404DD660B8822CE7A677840 /* AppRootView.swift in Sources */ = {isa = PBXBuildFile; fileRef = 3A598DBBF1282DE1E0AC79BC /* AppRootView.swift */; };
		C7335EA621E352DF0CECC312 /* CompetitionStatsViews.swift in Sources */ = {isa = PBXBuildFile; fileRef = 08B12B563E01EC67885575BB /* CompetitionStatsViews.swift */; };
		C87F1B1B9009B6AE17B99CC1 /* StandingsTableView.swift in Sources */ = {isa = PBXBuildFile; fileRef = F204582348F7E5787A8C55D3 /* StandingsTableView.swift */; };
		CC2656FDC78419D1C0BC7AD3 /* HBCachedAsyncImage.swift in Sources */ = {isa = PBXBuildFile; fileRef = 4CE627A98D3556FF4989B07A /* HBCachedAsyncImage.swift */; };
		CC2C5CFF9AB7B91A812837F3 /* CompetitionDetailView.swift in Sources */ = {isa = PBXBuildFile; fileRef = 7D64E143C242EE672A7A7B60 /* CompetitionDetailView.swift */; };
		D358D21DF7718B77254B3A00 /* PlayerDetailView.swift in Sources */ = {isa = PBXBuildFile; fileRef = 336D7DDB566A7FD28FF05B17 /* PlayerDetailView.swift */; };
		DC09B73C233CF902129FA499 /* SeasonPickerMenu.swift in Sources */ = {isa = PBXBuildFile; fileRef = 2826E2196F9677EFF52D8574 /* SeasonPickerMenu.swift */; };
		DD1B01BEA07F0A7A8CDC66D4 /* IdleTimerController.swift in Sources */ = {isa = PBXBuildFile; fileRef = C2FFF931D1F7F126C49790CA /* IdleTimerController.swift */; };
		DE7FA1086B7E396062A724D1 /* FavoriteStarButton.swift in Sources */ = {isa = PBXBuildFile; fileRef = A82A1C479EFF729A8556E676 /* FavoriteStarButton.swift */; };
		E238DDFBC80B72783414F931 /* HBUnderlineTabs.swift in Sources */ = {isa = PBXBuildFile; fileRef = 7EE2A3429EF6821F9F46635A /* HBUnderlineTabs.swift */; };
		E28859D1C7F1591B1507ADC1 /* MatchRowView.swift in Sources */ = {isa = PBXBuildFile; fileRef = DDA83DF5A92083768D525CF0 /* MatchRowView.swift */; };
		E31BCA29913DA2C0D9E1B80C /* SupabaseHokejbalAPI.swift in Sources */ = {isa = PBXBuildFile; fileRef = 5BD0A6E20FE94BE196F5E777 /* SupabaseHokejbalAPI.swift */; };
		E4DD21D62662B1E061E9392D /* AmateurMatchScorer.swift in Sources */ = {isa = PBXBuildFile; fileRef = 4C9A18D2CF074BE24F4299DD /* AmateurMatchScorer.swift */; };
		EBD20140826B866D2B5950D4 /* HBTrustedURL.swift in Sources */ = {isa = PBXBuildFile; fileRef = B03BE540B287E062E2CA90D5 /* HBTrustedURL.swift */; };
		F1569EBF3E5A43272F54BA79 /* LiveScoreService.swift in Sources */ = {isa = PBXBuildFile; fileRef = 1FA9CE7B1D2CA10667C1356F /* LiveScoreService.swift */; };
		F4CEA0BF4A61F960EE321574 /* FantasyAttributesStore.swift in Sources */ = {isa = PBXBuildFile; fileRef = D664BCD605B12651D004E25D /* FantasyAttributesStore.swift */; };
		F7E0B547C8676662155F28FF /* AmateurTournamentStore.swift in Sources */ = {isa = PBXBuildFile; fileRef = F39CCDEF43D3CEE699322174 /* AmateurTournamentStore.swift */; };
		FC6DC42987608B10BBBDADF4 /* AuthModels.swift in Sources */ = {isa = PBXBuildFile; fileRef = E85036AE7ADAD0E288088455 /* AuthModels.swift */; };
/* End PBXBuildFile section */

/* Begin PBXFileReference section */
		03D3D09796DE872346DE065A /* FantasyPlayerCard.swift */ = {isa = PBXFileReference; lastKnownFileType = sourcecode.swift; path = FantasyPlayerCard.swift; sourceTree = "<group>"; };
		047D6545E51F3D7FCA10D558 /* TeamDetailView.swift */ = {isa = PBXFileReference; lastKnownFileType = sourcecode.swift; path = TeamDetailView.swift; sourceTree = "<group>"; };
		0790947E1F75FC66B9D5E802 /* HBSkeleton.swift */ = {isa = PBXFileReference; lastKnownFileType = sourcecode.swift; path = HBSkeleton.swift; sourceTree = "<group>"; };
		08B12B563E01EC67885575BB /* CompetitionStatsViews.swift */ = {isa = PBXFileReference; lastKnownFileType = sourcecode.swift; path = CompetitionStatsViews.swift; sourceTree = "<group>"; };
		09C77FC29E932BA55B963B8E /* AppBrandStore.swift */ = {isa = PBXFileReference; lastKnownFileType = sourcecode.swift; path = AppBrandStore.swift; sourceTree = "<group>"; };
		0BA29057E7DF062A3C816E35 /* FantasySquadStore.swift */ = {isa = PBXFileReference; lastKnownFileType = sourcecode.swift; path = FantasySquadStore.swift; sourceTree = "<group>"; };
		0DEB0E7450BCD0D8597A9309 /* CommonViews.swift */ = {isa = PBXFileReference; lastKnownFileType = sourcecode.swift; path = CommonViews.swift; sourceTree = "<group>"; };
		10C9CFA630E2A385BAAF2B44 /* SettingsView.swift */ = {isa = PBXFileReference; lastKnownFileType = sourcecode.swift; path = SettingsView.swift; sourceTree = "<group>"; };
		14AAF6DD1957BE7B5E429D39 /* MatchDetailView.swift */ = {isa = PBXFileReference; lastKnownFileType = sourcecode.swift; path = MatchDetailView.swift; sourceTree = "<group>"; };
		159681556D036A4CF06A2CA1 /* MainTabView.swift */ = {isa = PBXFileReference; lastKnownFileType = sourcecode.swift; path = MainTabView.swift; sourceTree = "<group>"; };
		1FA9CE7B1D2CA10667C1356F /* LiveScoreService.swift */ = {isa = PBXFileReference; lastKnownFileType = sourcecode.swift; path = LiveScoreService.swift; sourceTree = "<group>"; };
		1FDCBA2E831B10B528462D81 /* SiteSwitchSheet.swift */ = {isa = PBXFileReference; lastKnownFileType = sourcecode.swift; path = SiteSwitchSheet.swift; sourceTree = "<group>"; };
		2826E2196F9677EFF52D8574 /* SeasonPickerMenu.swift */ = {isa = PBXFileReference; lastKnownFileType = sourcecode.swift; path = SeasonPickerMenu.swift; sourceTree = "<group>"; };
		29633B54FF3D95C83F802636 /* HomeView.swift */ = {isa = PBXFileReference; lastKnownFileType = sourcecode.swift; path = HomeView.swift; sourceTree = "<group>"; };
		2D7465D5C2C05F11BD2E7D7D /* AmateurCreateWizard.swift */ = {isa = PBXFileReference; lastKnownFileType = sourcecode.swift; path = AmateurCreateWizard.swift; sourceTree = "<group>"; };
		336D7DDB566A7FD28FF05B17 /* PlayerDetailView.swift */ = {isa = PBXFileReference; lastKnownFileType = sourcecode.swift; path = PlayerDetailView.swift; sourceTree = "<group>"; };
		388EDFAC1BF46D3069D4806B /* AuthScreens.swift */ = {isa = PBXFileReference; lastKnownFileType = sourcecode.swift; path = AuthScreens.swift; sourceTree = "<group>"; };
		3A598DBBF1282DE1E0AC79BC /* AppRootView.swift */ = {isa = PBXFileReference; lastKnownFileType = sourcecode.swift; path = AppRootView.swift; sourceTree = "<group>"; };
		428938D1D415D7B7915B7D5B /* FavoritesView.swift */ = {isa = PBXFileReference; lastKnownFileType = sourcecode.swift; path = FavoritesView.swift; sourceTree = "<group>"; };
		45712E6A226C62DA6CBE10ED /* MatchesByCompetitionView.swift */ = {isa = PBXFileReference; lastKnownFileType = sourcecode.swift; path = MatchesByCompetitionView.swift; sourceTree = "<group>"; };
		4639EC7270DEA48F7F47CCE1 /* NewsView.swift */ = {isa = PBXFileReference; lastKnownFileType = sourcecode.swift; path = NewsView.swift; sourceTree = "<group>"; };
		481B0CEE5375578159898DCB /* AmateurTournamentsView.swift */ = {isa = PBXFileReference; lastKnownFileType = sourcecode.swift; path = AmateurTournamentsView.swift; sourceTree = "<group>"; };
		4AC38582305BB5F9D1CFEFC7 /* StandingsCompute.swift */ = {isa = PBXFileReference; lastKnownFileType = sourcecode.swift; path = StandingsCompute.swift; sourceTree = "<group>"; };
		4B8232BE540CFDF4A011F5D8 /* TipovaniView.swift */ = {isa = PBXFileReference; lastKnownFileType = sourcecode.swift; path = TipovaniView.swift; sourceTree = "<group>"; };
		4B9DC695B7A39891DE66797B /* LiveView.swift */ = {isa = PBXFileReference; lastKnownFileType = sourcecode.swift; path = LiveView.swift; sourceTree = "<group>"; };
		4C9A18D2CF074BE24F4299DD /* AmateurMatchScorer.swift */ = {isa = PBXFileReference; lastKnownFileType = sourcecode.swift; path = AmateurMatchScorer.swift; sourceTree = "<group>"; };
		4CE627A98D3556FF4989B07A /* HBCachedAsyncImage.swift */ = {isa = PBXFileReference; lastKnownFileType = sourcecode.swift; path = HBCachedAsyncImage.swift; sourceTree = "<group>"; };
		4F6F74D6DAD9EE0B64B74EDF /* MoreView.swift */ = {isa = PBXFileReference; lastKnownFileType = sourcecode.swift; path = MoreView.swift; sourceTree = "<group>"; };
		4FFAA667E55A1AA38EE3FA1E /* InAppBannerCenter.swift */ = {isa = PBXFileReference; lastKnownFileType = sourcecode.swift; path = InAppBannerCenter.swift; sourceTree = "<group>"; };
		50C1A82347E484D47C6A6C66 /* Stores.swift */ = {isa = PBXFileReference; lastKnownFileType = sourcecode.swift; path = Stores.swift; sourceTree = "<group>"; };
		5537609AE4F349D3DFD7F571 /* HokejbalApp.swift */ = {isa = PBXFileReference; lastKnownFileType = sourcecode.swift; path = HokejbalApp.swift; sourceTree = "<group>"; };
		5BD0A6E20FE94BE196F5E777 /* SupabaseHokejbalAPI.swift */ = {isa = PBXFileReference; lastKnownFileType = sourcecode.swift; path = SupabaseHokejbalAPI.swift; sourceTree = "<group>"; };
		5DA058008AB760AA8B7CAC0F /* AuthComponents.swift */ = {isa = PBXFileReference; lastKnownFileType = sourcecode.swift; path = AuthComponents.swift; sourceTree = "<group>"; };
		699437FB4D5C7AAC4F4CE099 /* FantasyView.swift */ = {isa = PBXFileReference; lastKnownFileType = sourcecode.swift; path = FantasyView.swift; sourceTree = "<group>"; };
		6A627BF6D19EB4CB2041B9F9 /* FantasyMockAttributes.swift */ = {isa = PBXFileReference; lastKnownFileType = sourcecode.swift; path = FantasyMockAttributes.swift; sourceTree = "<group>"; };
		6BD4938E43B565DF6FD7BAE5 /* FantasyScoring.swift */ = {isa = PBXFileReference; lastKnownFileType = sourcecode.swift; path = FantasyScoring.swift; sourceTree = "<group>"; };
		70B15C3B14F91F1EEFBBAE3B /* TeamFormStrip.swift */ = {isa = PBXFileReference; lastKnownFileType = sourcecode.swift; path = TeamFormStrip.swift; sourceTree = "<group>"; };
		71C13FB9044679F64715A51C /* MockHokejbalAPI.swift */ = {isa = PBXFileReference; lastKnownFileType = sourcecode.swift; path = MockHokejbalAPI.swift; sourceTree = "<group>"; };
		7D64E143C242EE672A7A7B60 /* CompetitionDetailView.swift */ = {isa = PBXFileReference; lastKnownFileType = sourcecode.swift; path = CompetitionDetailView.swift; sourceTree = "<group>"; };
		7EAC51D17ADCA4F1C71511B9 /* Info.plist */ = {isa = PBXFileReference; lastKnownFileType = text.plist; path = Info.plist; sourceTree = "<group>"; };
		7EE2A3429EF6821F9F46635A /* HBUnderlineTabs.swift */ = {isa = PBXFileReference; lastKnownFileType = sourcecode.swift; path = HBUnderlineTabs.swift; sourceTree = "<group>"; };
		8DD8B9854E9A130DAD30F5CC /* MatchListCache.swift */ = {isa = PBXFileReference; lastKnownFileType = sourcecode.swift; path = MatchListCache.swift; sourceTree = "<group>"; };
		9A88CF842209696E6FAF0DAF /* SupabaseAuthAPI.swift */ = {isa = PBXFileReference; lastKnownFileType = sourcecode.swift; path = SupabaseAuthAPI.swift; sourceTree = "<group>"; };
		9BD05CEAA268B53113CDDEE5 /* Hokejbal.app */ = {isa = PBXFileReference; includeInIndex = 0; lastKnownFileType = wrapper.application; path = Hokejbal.app; sourceTree = BUILT_PRODUCTS_DIR; };
		9DBC48FCB8FE3B66BD399AD3 /* FantasyAttributes.swift */ = {isa = PBXFileReference; lastKnownFileType = sourcecode.swift; path = FantasyAttributes.swift; sourceTree = "<group>"; };
		A23BA156A61409343B2A454C /* Theme.swift */ = {isa = PBXFileReference; lastKnownFileType = sourcecode.swift; path = Theme.swift; sourceTree = "<group>"; };
		A26D2B9F5352D18C1104B232 /* CompetitionStats.swift */ = {isa = PBXFileReference; lastKnownFileType = sourcecode.swift; path = CompetitionStats.swift; sourceTree = "<group>"; };
		A82A1C479EFF729A8556E676 /* FavoriteStarButton.swift */ = {isa = PBXFileReference; lastKnownFileType = sourcecode.swift; path = FavoriteStarButton.swift; sourceTree = "<group>"; };
		A91839024E594CD731931377 /* SupabaseConfig.swift */ = {isa = PBXFileReference; lastKnownFileType = sourcecode.swift; path = SupabaseConfig.swift; sourceTree = "<group>"; };
		B03BE540B287E062E2CA90D5 /* HBTrustedURL.swift */ = {isa = PBXFileReference; lastKnownFileType = sourcecode.swift; path = HBTrustedURL.swift; sourceTree = "<group>"; };
		B3F8D5289259278645387A09 /* Models.swift */ = {isa = PBXFileReference; lastKnownFileType = sourcecode.swift; path = Models.swift; sourceTree = "<group>"; };
		BA3F7770FA3E3ED86F2A7220 /* MatchTipStore.swift */ = {isa = PBXFileReference; lastKnownFileType = sourcecode.swift; path = MatchTipStore.swift; sourceTree = "<group>"; };
		BA48939022459AC2A7BD6D8B /* HBSolidMenu.swift */ = {isa = PBXFileReference; lastKnownFileType = sourcecode.swift; path = HBSolidMenu.swift; sourceTree = "<group>"; };
		BF99E74F6D04BAD5D2327462 /* HokejbalCzNewsClient.swift */ = {isa = PBXFileReference; lastKnownFileType = sourcecode.swift; path = HokejbalCzNewsClient.swift; sourceTree = "<group>"; };
		C2FFF931D1F7F126C49790CA /* IdleTimerController.swift */ = {isa = PBXFileReference; lastKnownFileType = sourcecode.swift; path = IdleTimerController.swift; sourceTree = "<group>"; };
		C64552FF8A6C65907E74788B /* PlayerSearchView.swift */ = {isa = PBXFileReference; lastKnownFileType = sourcecode.swift; path = PlayerSearchView.swift; sourceTree = "<group>"; };
		C87049AC07F0735B880DC9BD /* BrandLogo.swift */ = {isa = PBXFileReference; lastKnownFileType = sourcecode.swift; path = BrandLogo.swift; sourceTree = "<group>"; };
		CC1B45B8A1C31BF05E0CAD17 /* HBAppearance.swift */ = {isa = PBXFileReference; lastKnownFileType = sourcecode.swift; path = HBAppearance.swift; sourceTree = "<group>"; };
		CC4CD751F46055B8067B16E1 /* AmateurAdminView.swift */ = {isa = PBXFileReference; lastKnownFileType = sourcecode.swift; path = AmateurAdminView.swift; sourceTree = "<group>"; };
		CD8A3F0C2D3921FE29053AF9 /* MatchDayStrip.swift */ = {isa = PBXFileReference; lastKnownFileType = sourcecode.swift; path = MatchDayStrip.swift; sourceTree = "<group>"; };
		D664BCD605B12651D004E25D /* FantasyAttributesStore.swift */ = {isa = PBXFileReference; lastKnownFileType = sourcecode.swift; path = FantasyAttributesStore.swift; sourceTree = "<group>"; };
		D6880BD0020329831CEDDF31 /* CMSHBBrowserShell.swift */ = {isa = PBXFileReference; lastKnownFileType = sourcecode.swift; path = CMSHBBrowserShell.swift; sourceTree = "<group>"; };
		DDA83DF5A92083768D525CF0 /* MatchRowView.swift */ = {isa = PBXFileReference; lastKnownFileType = sourcecode.swift; path = MatchRowView.swift; sourceTree = "<group>"; };
		E85036AE7ADAD0E288088455 /* AuthModels.swift */ = {isa = PBXFileReference; lastKnownFileType = sourcecode.swift; path = AuthModels.swift; sourceTree = "<group>"; };
		F0FD1C5FE1FD7658BA2C7170 /* Assets.xcassets */ = {isa = PBXFileReference; lastKnownFileType = folder.assetcatalog; path = Assets.xcassets; sourceTree = "<group>"; };
		F204582348F7E5787A8C55D3 /* StandingsTableView.swift */ = {isa = PBXFileReference; lastKnownFileType = sourcecode.swift; path = StandingsTableView.swift; sourceTree = "<group>"; };
		F39CCDEF43D3CEE699322174 /* AmateurTournamentStore.swift */ = {isa = PBXFileReference; lastKnownFileType = sourcecode.swift; path = AmateurTournamentStore.swift; sourceTree = "<group>"; };
		F7F128AC6988C441EE8F06FA /* HBPillSelector.swift */ = {isa = PBXFileReference; lastKnownFileType = sourcecode.swift; path = HBPillSelector.swift; sourceTree = "<group>"; };
		F8DA067429C742F8A61F1F6E /* AuthStore.swift */ = {isa = PBXFileReference; lastKnownFileType = sourcecode.swift; path = AuthStore.swift; sourceTree = "<group>"; };
		FCFE5DEADEB1EBDE0D30BA71 /* HokejbalAPI.swift */ = {isa = PBXFileReference; lastKnownFileType = sourcecode.swift; path = HokejbalAPI.swift; sourceTree = "<group>"; };
/* End PBXFileReference section */

/* Begin PBXGroup section */
		13ED17350A97D5E89B542925 /* Home */ = {
			isa = PBXGroup;
			children = (
				29633B54FF3D95C83F802636 /* HomeView.swift */,
			);
			path = Home;
			sourceTree = "<group>";
		};
		189A6D12B969CADAEB266D51 /* PlayerDetail */ = {
			isa = PBXGroup;
			children = (
				336D7DDB566A7FD28FF05B17 /* PlayerDetailView.swift */,
			);
			path = PlayerDetail;
			sourceTree = "<group>";
		};
		1F6819F2ECE9FF90627687E6 = {
			isa = PBXGroup;
			children = (
				B1A39A060F1669899A856EE7 /* Hokejbal */,
				82C574FD3EB6377E97BAD22C /* Products */,
			);
			sourceTree = "<group>";
		};
		33BF7F577AB67A4EEC440488 /* Models */ = {
			isa = PBXGroup;
			children = (
				9DBC48FCB8FE3B66BD399AD3 /* FantasyAttributes.swift */,
				B3F8D5289259278645387A09 /* Models.swift */,
			);
			path = Models;
			sourceTree = "<group>";
		};
		5245DEE6EA6D4D25A4BFD4FC /* Resources */ = {
			isa = PBXGroup;
			children = (
				F0FD1C5FE1FD7658BA2C7170 /* Assets.xcassets */,
			);
			path = Resources;
			sourceTree = "<group>";
		};
		745BDD19EFABDA31A7A50C40 /* Design */ = {
			isa = PBXGroup;
			children = (
				CC1B45B8A1C31BF05E0CAD17 /* HBAppearance.swift */,
				C2FFF931D1F7F126C49790CA /* IdleTimerController.swift */,
				A23BA156A61409343B2A454C /* Theme.swift */,
				950FDF2853339D1889418A20 /* Components */,
			);
			path = Design;
			sourceTree = "<group>";
		};
		801BA209E5D6CFD91BD753BB /* Favorites */ = {
			isa = PBXGroup;
			children = (
				428938D1D415D7B7915B7D5B /* FavoritesView.swift */,
			);
			path = Favorites;
			sourceTree = "<group>";
		};
		82C574FD3EB6377E97BAD22C /* Products */ = {
			isa = PBXGroup;
			children = (
				9BD05CEAA268B53113CDDEE5 /* Hokejbal.app */,
			);
			name = Products;
			sourceTree = "<group>";
		};
		90E52A93719701B0696D65C7 /* CMSHB */ = {
			isa = PBXGroup;
			children = (
				D6880BD0020329831CEDDF31 /* CMSHBBrowserShell.swift */,
				1FDCBA2E831B10B528462D81 /* SiteSwitchSheet.swift */,
			);
			path = CMSHB;
			sourceTree = "<group>";
		};
		9380E2B752DE6C5B59AAD1B2 /* Auth */ = {
			isa = PBXGroup;
			children = (
				5DA058008AB760AA8B7CAC0F /* AuthComponents.swift */,
				388EDFAC1BF46D3069D4806B /* AuthScreens.swift */,
			);
			path = Auth;
			sourceTree = "<group>";
		};
		950FDF2853339D1889418A20 /* Components */ = {
			isa = PBXGroup;
			children = (
				C87049AC07F0735B880DC9BD /* BrandLogo.swift */,
				0DEB0E7450BCD0D8597A9309 /* CommonViews.swift */,
				03D3D09796DE872346DE065A /* FantasyPlayerCard.swift */,
				A82A1C479EFF729A8556E676 /* FavoriteStarButton.swift */,
				4CE627A98D3556FF4989B07A /* HBCachedAsyncImage.swift */,
				F7F128AC6988C441EE8F06FA /* HBPillSelector.swift */,
				0790947E1F75FC66B9D5E802 /* HBSkeleton.swift */,
				BA48939022459AC2A7BD6D8B /* HBSolidMenu.swift */,
				7EE2A3429EF6821F9F46635A /* HBUnderlineTabs.swift */,
				CD8A3F0C2D3921FE29053AF9 /* MatchDayStrip.swift */,
				DDA83DF5A92083768D525CF0 /* MatchRowView.swift */,
				2826E2196F9677EFF52D8574 /* SeasonPickerMenu.swift */,
				4AC38582305BB5F9D1CFEFC7 /* StandingsCompute.swift */,
				F204582348F7E5787A8C55D3 /* StandingsTableView.swift */,
				70B15C3B14F91F1EEFBBAE3B /* TeamFormStrip.swift */,
			);
			path = Components;
			sourceTree = "<group>";
		};
		95E873A63949D03B5A10E630 /* Services */ = {
			isa = PBXGroup;
			children = (
				F39CCDEF43D3CEE699322174 /* AmateurTournamentStore.swift */,
				09C77FC29E932BA55B963B8E /* AppBrandStore.swift */,
				E85036AE7ADAD0E288088455 /* AuthModels.swift */,
				F8DA067429C742F8A61F1F6E /* AuthStore.swift */,
				D664BCD605B12651D004E25D /* FantasyAttributesStore.swift */,
				6A627BF6D19EB4CB2041B9F9 /* FantasyMockAttributes.swift */,
				6BD4938E43B565DF6FD7BAE5 /* FantasyScoring.swift */,
				0BA29057E7DF062A3C816E35 /* FantasySquadStore.swift */,
				B03BE540B287E062E2CA90D5 /* HBTrustedURL.swift */,
				FCFE5DEADEB1EBDE0D30BA71 /* HokejbalAPI.swift */,
				BF99E74F6D04BAD5D2327462 /* HokejbalCzNewsClient.swift */,
				4FFAA667E55A1AA38EE3FA1E /* InAppBannerCenter.swift */,
				1FA9CE7B1D2CA10667C1356F /* LiveScoreService.swift */,
				8DD8B9854E9A130DAD30F5CC /* MatchListCache.swift */,
				BA3F7770FA3E3ED86F2A7220 /* MatchTipStore.swift */,
				71C13FB9044679F64715A51C /* MockHokejbalAPI.swift */,
				50C1A82347E484D47C6A6C66 /* Stores.swift */,
				9A88CF842209696E6FAF0DAF /* SupabaseAuthAPI.swift */,
				A91839024E594CD731931377 /* SupabaseConfig.swift */,
				5BD0A6E20FE94BE196F5E777 /* SupabaseHokejbalAPI.swift */,
			);
			path = Services;
			sourceTree = "<group>";
		};
		9CB03824338EC93C627C9B31 /* MatchDetail */ = {
			isa = PBXGroup;
			children = (
				14AAF6DD1957BE7B5E429D39 /* MatchDetailView.swift */,
			);
			path = MatchDetail;
			sourceTree = "<group>";
		};
		9F67AC8DFC58AC9C2FF33BEF /* Matches */ = {
			isa = PBXGroup;
			children = (
				7D64E143C242EE672A7A7B60 /* CompetitionDetailView.swift */,
				A26D2B9F5352D18C1104B232 /* CompetitionStats.swift */,
				08B12B563E01EC67885575BB /* CompetitionStatsViews.swift */,
				45712E6A226C62DA6CBE10ED /* MatchesByCompetitionView.swift */,
				C64552FF8A6C65907E74788B /* PlayerSearchView.swift */,
			);
			path = Matches;
			sourceTree = "<group>";
		};
		A5F777A037AA07C8C3A0448A /* Live */ = {
			isa = PBXGroup;
			children = (
				4B9DC695B7A39891DE66797B /* LiveView.swift */,
			);
			path = Live;
			sourceTree = "<group>";
		};
		A66D2255CD6DBD8FE67A5B91 /* Settings */ = {
			isa = PBXGroup;
			children = (
				10C9CFA630E2A385BAAF2B44 /* SettingsView.swift */,
			);
			path = Settings;
			sourceTree = "<group>";
		};
		ACEAC945E530A8F3CCB48637 /* TeamDetail */ = {
			isa = PBXGroup;
			children = (
				047D6545E51F3D7FCA10D558 /* TeamDetailView.swift */,
			);
			path = TeamDetail;
			sourceTree = "<group>";
		};
		B0C051D8CD2AFFA58009A200 /* Features */ = {
			isa = PBXGroup;
			children = (
				3A598DBBF1282DE1E0AC79BC /* AppRootView.swift */,
				159681556D036A4CF06A2CA1 /* MainTabView.swift */,
				B358179514C6DF6820ADB33C /* Amateur */,
				9380E2B752DE6C5B59AAD1B2 /* Auth */,
				90E52A93719701B0696D65C7 /* CMSHB */,
				801BA209E5D6CFD91BD753BB /* Favorites */,
				13ED17350A97D5E89B542925 /* Home */,
				A5F777A037AA07C8C3A0448A /* Live */,
				9CB03824338EC93C627C9B31 /* MatchDetail */,
				9F67AC8DFC58AC9C2FF33BEF /* Matches */,
				BB4F4196982A3274C58E41B2 /* More */,
				E3E986C00970D960970AB277 /* News */,
				189A6D12B969CADAEB266D51 /* PlayerDetail */,
				A66D2255CD6DBD8FE67A5B91 /* Settings */,
				ACEAC945E530A8F3CCB48637 /* TeamDetail */,
				FC6C1203FB4172439FE33F39 /* Tips */,
			);
			path = Features;
			sourceTree = "<group>";
		};
		B1A39A060F1669899A856EE7 /* Hokejbal */ = {
			isa = PBXGroup;
			children = (
				5537609AE4F349D3DFD7F571 /* HokejbalApp.swift */,
				7EAC51D17ADCA4F1C71511B9 /* Info.plist */,
				745BDD19EFABDA31A7A50C40 /* Design */,
				B0C051D8CD2AFFA58009A200 /* Features */,
				33BF7F577AB67A4EEC440488 /* Models */,
				5245DEE6EA6D4D25A4BFD4FC /* Resources */,
				95E873A63949D03B5A10E630 /* Services */,
			);
			path = Hokejbal;
			sourceTree = "<group>";
		};
		B358179514C6DF6820ADB33C /* Amateur */ = {
			isa = PBXGroup;
			children = (
				CC4CD751F46055B8067B16E1 /* AmateurAdminView.swift */,
				2D7465D5C2C05F11BD2E7D7D /* AmateurCreateWizard.swift */,
				4C9A18D2CF074BE24F4299DD /* AmateurMatchScorer.swift */,
				481B0CEE5375578159898DCB /* AmateurTournamentsView.swift */,
			);
			path = Amateur;
			sourceTree = "<group>";
		};
		BB4F4196982A3274C58E41B2 /* More */ = {
			isa = PBXGroup;
			children = (
				699437FB4D5C7AAC4F4CE099 /* FantasyView.swift */,
				4F6F74D6DAD9EE0B64B74EDF /* MoreView.swift */,
			);
			path = More;
			sourceTree = "<group>";
		};
		E3E986C00970D960970AB277 /* News */ = {
			isa = PBXGroup;
			children = (
				4639EC7270DEA48F7F47CCE1 /* NewsView.swift */,
			);
			path = News;
			sourceTree = "<group>";
		};
		FC6C1203FB4172439FE33F39 /* Tips */ = {
			isa = PBXGroup;
			children = (
				4B8232BE540CFDF4A011F5D8 /* TipovaniView.swift */,
			);
			path = Tips;
			sourceTree = "<group>";
		};
/* End PBXGroup section */

/* Begin PBXNativeTarget section */
		214F5560446A88A23A365003 /* Hokejbal */ = {
			isa = PBXNativeTarget;
			buildConfigurationList = 4154ADBB52A7C8BC9B5961EE /* Build configuration list for PBXNativeTarget "Hokejbal" */;
			buildPhases = (
				248777F4280C73F27F3F52D9 /* Sources */,
				706AA2EBDB96949920D1D9DC /* Resources */,
			);
			buildRules = (
			);
			dependencies = (
			);
			name = Hokejbal;
			packageProductDependencies = (
			);
			productName = Hokejbal;
			productReference = 9BD05CEAA268B53113CDDEE5 /* Hokejbal.app */;
			productType = "com.apple.product-type.application";
		};
/* End PBXNativeTarget section */

/* Begin PBXProject section */
		5D2ADC086708AF16FEC7B674 /* Project object */ = {
			isa = PBXProject;
			attributes = {
				BuildIndependentTargetsInParallel = YES;
				LastUpgradeCheck = 2660;
				TargetAttributes = {
				};
			};
			buildConfigurationList = CDA8A6D8FF35E3F3B8936D14 /* Build configuration list for PBXProject "Hokejbal" */;
			developmentRegion = cs;
			hasScannedForEncodings = 0;
			knownRegions = (
				Base,
				cs,
			);
			mainGroup = 1F6819F2ECE9FF90627687E6;
			minimizedProjectReferenceProxies = 1;
			preferredProjectObjectVersion = 77;
			productRefGroup = 82C574FD3EB6377E97BAD22C /* Products */;
			projectDirPath = "";
			projectRoot = "";
			targets = (
				214F5560446A88A23A365003 /* Hokejbal */,
			);
		};
/* End PBXProject section */

/* Begin PBXResourcesBuildPhase section */
		706AA2EBDB96949920D1D9DC /* Resources */ = {
			isa = PBXResourcesBuildPhase;
			buildActionMask = 2147483647;
			files = (
				972D1B07AE05C7C305147698 /* Assets.xcassets in Resources */,
			);
			runOnlyForDeploymentPostprocessing = 0;
		};
/* End PBXResourcesBuildPhase section */

/* Begin PBXSourcesBuildPhase section */
		248777F4280C73F27F3F52D9 /* Sources */ = {
			isa = PBXSourcesBuildPhase;
			buildActionMask = 2147483647;
			files = (
				BACDAAF8FAF58989167302A9 /* AmateurAdminView.swift in Sources */,
				395DF474D49D1E598F63C4AD /* AmateurCreateWizard.swift in Sources */,
				E4DD21D62662B1E061E9392D /* AmateurMatchScorer.swift in Sources */,
				F7E0B547C8676662155F28FF /* AmateurTournamentStore.swift in Sources */,
				3DB317640B7AFE4EABC54257 /* AmateurTournamentsView.swift in Sources */,
				6FAE7D12617F912FCCC008F9 /* AppBrandStore.swift in Sources */,
				C404DD660B8822CE7A677840 /* AppRootView.swift in Sources */,
				7F90D42FA0CAD35ED3A51EB4 /* AuthComponents.swift in Sources */,
				FC6DC42987608B10BBBDADF4 /* AuthModels.swift in Sources */,
				40858C3D8DDE372691497546 /* AuthScreens.swift in Sources */,
				8D38C108F2F762F3E4C9F71B /* AuthStore.swift in Sources */,
				94C6AFCCB2B5C4BE1979DE35 /* BrandLogo.swift in Sources */,
				5DE52A80EF8933C4A6DAE95F /* CMSHBBrowserShell.swift in Sources */,
				4514A8F301F20A300CB2B8B7 /* CommonViews.swift in Sources */,
				CC2C5CFF9AB7B91A812837F3 /* CompetitionDetailView.swift in Sources */,
				764715FE0703576DB11D1799 /* CompetitionStats.swift in Sources */,
				C7335EA621E352DF0CECC312 /* CompetitionStatsViews.swift in Sources */,
				8EC2DDF3C4F6C38DDB0816CD /* FantasyAttributes.swift in Sources */,
				F4CEA0BF4A61F960EE321574 /* FantasyAttributesStore.swift in Sources */,
				4A333A9F6016A17B31AB3FB9 /* FantasyMockAttributes.swift in Sources */,
				AE207C3EBAF107E11527F0FD /* FantasyPlayerCard.swift in Sources */,
				0728AE88DDEC90F5B725CA99 /* FantasyScoring.swift in Sources */,
				A0FCE13959EA7EC17E18C7A0 /* FantasySquadStore.swift in Sources */,
				A72F0F8E77E9A359D60DF409 /* FantasyView.swift in Sources */,
				DE7FA1086B7E396062A724D1 /* FavoriteStarButton.swift in Sources */,
				2FE6DB9B8AA0C62ECC3CF903 /* FavoritesView.swift in Sources */,
				A7CF7584E6B99B506912F23D /* HBAppearance.swift in Sources */,
				CC2656FDC78419D1C0BC7AD3 /* HBCachedAsyncImage.swift in Sources */,
				44DDFD993E09D24B1C5177FD /* HBPillSelector.swift in Sources */,
				032740E2886B78A8EC126531 /* HBSkeleton.swift in Sources */,
				40A9F1E01BC805F6F55D2667 /* HBSolidMenu.swift in Sources */,
				EBD20140826B866D2B5950D4 /* HBTrustedURL.swift in Sources */,
				E238DDFBC80B72783414F931 /* HBUnderlineTabs.swift in Sources */,
				29C7CF8D21DE71600F1D98DD /* HokejbalAPI.swift in Sources */,
				8E872CB48D965C8594CA8431 /* HokejbalApp.swift in Sources */,
				C2696AC5B9796090E7F82B3B /* HokejbalCzNewsClient.swift in Sources */,
				52612C3D1D7C670099C712A9 /* HomeView.swift in Sources */,
				DD1B01BEA07F0A7A8CDC66D4 /* IdleTimerController.swift in Sources */,
				BEEDC432751676DFC3655990 /* InAppBannerCenter.swift in Sources */,
				F1569EBF3E5A43272F54BA79 /* LiveScoreService.swift in Sources */,
				50DE51C4DC56563175DFF68B /* LiveView.swift in Sources */,
				23C76023A1A8354C2214C1EF /* MainTabView.swift in Sources */,
				4D77C1BDD7203119A25FA57E /* MatchDayStrip.swift in Sources */,
				4A24B11E197C7FEDB9D4C11D /* MatchDetailView.swift in Sources */,
				C3ED9A2A5CE68952E3250B57 /* MatchListCache.swift in Sources */,
				E28859D1C7F1591B1507ADC1 /* MatchRowView.swift in Sources */,
				0235A302E4831A164F6AACD3 /* MatchTipStore.swift in Sources */,
				1C3BCA840D5227092AE90A85 /* MatchesByCompetitionView.swift in Sources */,
				1DEDD2F1978840515BD894F6 /* MockHokejbalAPI.swift in Sources */,
				AA062481542C53BDC6982687 /* Models.swift in Sources */,
				93CB5CB523AFBD6CB70C4B0B /* MoreView.swift in Sources */,
				A2C7B8EE2E704B01F4675191 /* NewsView.swift in Sources */,
				D358D21DF7718B77254B3A00 /* PlayerDetailView.swift in Sources */,
				9A71565898E115DFDA465BE0 /* PlayerSearchView.swift in Sources */,
				DC09B73C233CF902129FA499 /* SeasonPickerMenu.swift in Sources */,
				52A3247ACD6E7898EAED15AE /* SettingsView.swift in Sources */,
				71E21F9A383F5B9B77F799E5 /* SiteSwitchSheet.swift in Sources */,
				3EE82D51D40FC902F116B18F /* StandingsCompute.swift in Sources */,
				C87F1B1B9009B6AE17B99CC1 /* StandingsTableView.swift in Sources */,
				3782EDA32D1166B16E1EF5A2 /* Stores.swift in Sources */,
				7625F100A58A7FFFAA3C80CA /* SupabaseAuthAPI.swift in Sources */,
				48AFD8824FC853B2C1DE89B2 /* SupabaseConfig.swift in Sources */,
				E31BCA29913DA2C0D9E1B80C /* SupabaseHokejbalAPI.swift in Sources */,
				6E2B44DBFCAB0361489BB3DB /* TeamDetailView.swift in Sources */,
				759E23F57C0B13D896F41639 /* TeamFormStrip.swift in Sources */,
				03CB7751F0D53D831E441E02 /* Theme.swift in Sources */,
				76E3FE81581DB88448DAFF62 /* TipovaniView.swift in Sources */,
			);
			runOnlyForDeploymentPostprocessing = 0;
		};
/* End PBXSourcesBuildPhase section */

/* Begin XCBuildConfiguration section */
		16EFBDB92EF2BF449AD81704 /* Debug */ = {
			isa = XCBuildConfiguration;
			buildSettings = {
				ASSETCATALOG_COMPILER_APPICON_NAME = AppIcon;
				ASSETCATALOG_COMPILER_GLOBAL_ACCENT_COLOR_NAME = AccentColor;
				CODE_SIGN_IDENTITY = "iPhone Developer";
				GENERATE_INFOPLIST_FILE = YES;
				INFOPLIST_FILE = Hokejbal/Info.plist;
				INFOPLIST_KEY_CFBundleDisplayName = Hokejbal;
				INFOPLIST_KEY_NSPhotoLibraryUsageDescription = "Vyber fotku pro svou profilovku.";
				INFOPLIST_KEY_NSUserNotificationsUsageDescription = "Volitelné upozornění na góly a výsledky oblíbených týmů.";
				INFOPLIST_KEY_UIApplicationSceneManifest_Generation = YES;
				INFOPLIST_KEY_UILaunchScreen_Generation = YES;
				INFOPLIST_KEY_UIRequiresFullScreen = YES;
				INFOPLIST_KEY_UISupportedInterfaceOrientations_iPad = "UIInterfaceOrientationPortrait UIInterfaceOrientationPortraitUpsideDown UIInterfaceOrientationLandscapeLeft UIInterfaceOrientationLandscapeRight";
				INFOPLIST_KEY_UISupportedInterfaceOrientations_iPhone = UIInterfaceOrientationPortrait;
				LD_RUNPATH_SEARCH_PATHS = (
					"$(inherited)",
					"@executable_path/Frameworks",
				);
				PRODUCT_BUNDLE_IDENTIFIER = cz.hokejbal.app;
				SDKROOT = iphoneos;
				SWIFT_EMIT_LOC_STRINGS = YES;
				TARGETED_DEVICE_FAMILY = "1,2";
			};
			name = Debug;
		};
		1A94B155937DB73464CD7E02 /* Debug */ = {
			isa = XCBuildConfiguration;
			buildSettings = {
				ALWAYS_SEARCH_USER_PATHS = NO;
				CLANG_ANALYZER_NONNULL = YES;
				CLANG_ANALYZER_NUMBER_OBJECT_CONVERSION = YES_AGGRESSIVE;
				CLANG_CXX_LANGUAGE_STANDARD = "gnu++14";
				CLANG_CXX_LIBRARY = "libc++";
				CLANG_ENABLE_MODULES = YES;
				CLANG_ENABLE_OBJC_ARC = YES;
				CLANG_ENABLE_OBJC_WEAK = YES;
				CLANG_WARN_BLOCK_CAPTURE_AUTORELEASING = YES;
				CLANG_WARN_BOOL_CONVERSION = YES;
				CLANG_WARN_COMMA = YES;
				CLANG_WARN_CONSTANT_CONVERSION = YES;
				CLANG_WARN_DEPRECATED_OBJC_IMPLEMENTATIONS = YES;
				CLANG_WARN_DIRECT_OBJC_ISA_USAGE = YES_ERROR;
				CLANG_WARN_DOCUMENTATION_COMMENTS = YES;
				CLANG_WARN_EMPTY_BODY = YES;
				CLANG_WARN_ENUM_CONVERSION = YES;
				CLANG_WARN_INFINITE_RECURSION = YES;
				CLANG_WARN_INT_CONVERSION = YES;
				CLANG_WARN_NON_LITERAL_NULL_CONVERSION = YES;
				CLANG_WARN_OBJC_IMPLICIT_RETAIN_SELF = YES;
				CLANG_WARN_OBJC_LITERAL_CONVERSION = YES;
				CLANG_WARN_OBJC_ROOT_CLASS = YES_ERROR;
				CLANG_WARN_QUOTED_INCLUDE_IN_FRAMEWORK_HEADER = YES;
				CLANG_WARN_RANGE_LOOP_ANALYSIS = YES;
				CLANG_WARN_STRICT_PROTOTYPES = YES;
				CLANG_WARN_SUSPICIOUS_MOVE = YES;
				CLANG_WARN_UNGUARDED_AVAILABILITY = YES_AGGRESSIVE;
				CLANG_WARN_UNREACHABLE_CODE = YES;
				CLANG_WARN__DUPLICATE_METHOD_MATCH = YES;
				COPY_PHASE_STRIP = NO;
				CURRENT_PROJECT_VERSION = 5;
				DEAD_CODE_STRIPPING = YES;
				DEBUG_INFORMATION_FORMAT = dwarf;
				ENABLE_MODULE_VERIFIER = YES;
				ENABLE_STRICT_OBJC_MSGSEND = YES;
				ENABLE_TESTABILITY = YES;
				ENABLE_USER_SCRIPT_SANDBOXING = YES;
				GCC_C_LANGUAGE_STANDARD = gnu11;
				GCC_DYNAMIC_NO_PIC = NO;
				GCC_NO_COMMON_BLOCKS = YES;
				GCC_OPTIMIZATION_LEVEL = 0;
				GCC_PREPROCESSOR_DEFINITIONS = (
					"$(inherited)",
					"DEBUG=1",
				);
				GCC_WARN_64_TO_32_BIT_CONVERSION = YES;
				GCC_WARN_ABOUT_RETURN_TYPE = YES_ERROR;
				GCC_WARN_UNDECLARED_SELECTOR = YES;
				GCC_WARN_UNINITIALIZED_AUTOS = YES_AGGRESSIVE;
				GCC_WARN_UNUSED_FUNCTION = YES;
				GCC_WARN_UNUSED_VARIABLE = YES;
				IPHONEOS_DEPLOYMENT_TARGET = 17.0;
				MARKETING_VERSION = 1.1.1;
				MTL_ENABLE_DEBUG_INFO = INCLUDE_SOURCE;
				MTL_FAST_MATH = YES;
				ONLY_ACTIVE_ARCH = YES;
				PRODUCT_NAME = "$(TARGET_NAME)";
				SDKROOT = iphoneos;
				STRING_CATALOG_GENERATE_SYMBOLS = YES;
				SWIFT_ACTIVE_COMPILATION_CONDITIONS = DEBUG;
				SWIFT_OPTIMIZATION_LEVEL = "-Onone";
				SWIFT_VERSION = 5.0;
				TARGETED_DEVICE_FAMILY = "1,2";
			};
			name = Debug;
		};
		341B79E7D1E7E2EC7444937B /* Release */ = {
			isa = XCBuildConfiguration;
			buildSettings = {
				ALWAYS_SEARCH_USER_PATHS = NO;
				CLANG_ANALYZER_NONNULL = YES;
				CLANG_ANALYZER_NUMBER_OBJECT_CONVERSION = YES_AGGRESSIVE;
				CLANG_CXX_LANGUAGE_STANDARD = "gnu++14";
				CLANG_CXX_LIBRARY = "libc++";
				CLANG_ENABLE_MODULES = YES;
				CLANG_ENABLE_OBJC_ARC = YES;
				CLANG_ENABLE_OBJC_WEAK = YES;
				CLANG_WARN_BLOCK_CAPTURE_AUTORELEASING = YES;
				CLANG_WARN_BOOL_CONVERSION = YES;
				CLANG_WARN_COMMA = YES;
				CLANG_WARN_CONSTANT_CONVERSION = YES;
				CLANG_WARN_DEPRECATED_OBJC_IMPLEMENTATIONS = YES;
				CLANG_WARN_DIRECT_OBJC_ISA_USAGE = YES_ERROR;
				CLANG_WARN_DOCUMENTATION_COMMENTS = YES;
				CLANG_WARN_EMPTY_BODY = YES;
				CLANG_WARN_ENUM_CONVERSION = YES;
				CLANG_WARN_INFINITE_RECURSION = YES;
				CLANG_WARN_INT_CONVERSION = YES;
				CLANG_WARN_NON_LITERAL_NULL_CONVERSION = YES;
				CLANG_WARN_OBJC_IMPLICIT_RETAIN_SELF = YES;
				CLANG_WARN_OBJC_LITERAL_CONVERSION = YES;
				CLANG_WARN_OBJC_ROOT_CLASS = YES_ERROR;
				CLANG_WARN_QUOTED_INCLUDE_IN_FRAMEWORK_HEADER = YES;
				CLANG_WARN_RANGE_LOOP_ANALYSIS = YES;
				CLANG_WARN_STRICT_PROTOTYPES = YES;
				CLANG_WARN_SUSPICIOUS_MOVE = YES;
				CLANG_WARN_UNGUARDED_AVAILABILITY = YES_AGGRESSIVE;
				CLANG_WARN_UNREACHABLE_CODE = YES;
				CLANG_WARN__DUPLICATE_METHOD_MATCH = YES;
				COPY_PHASE_STRIP = NO;
				CURRENT_PROJECT_VERSION = 5;
				DEAD_CODE_STRIPPING = YES;
				DEBUG_INFORMATION_FORMAT = "dwarf-with-dsym";
				ENABLE_MODULE_VERIFIER = YES;
				ENABLE_NS_ASSERTIONS = NO;
				ENABLE_STRICT_OBJC_MSGSEND = YES;
				ENABLE_USER_SCRIPT_SANDBOXING = YES;
				GCC_C_LANGUAGE_STANDARD = gnu11;
				GCC_NO_COMMON_BLOCKS = YES;
				GCC_WARN_64_TO_32_BIT_CONVERSION = YES;
				GCC_WARN_ABOUT_RETURN_TYPE = YES_ERROR;
				GCC_WARN_UNDECLARED_SELECTOR = YES;
				GCC_WARN_UNINITIALIZED_AUTOS = YES_AGGRESSIVE;
				GCC_WARN_UNUSED_FUNCTION = YES;
				GCC_WARN_UNUSED_VARIABLE = YES;
				IPHONEOS_DEPLOYMENT_TARGET = 17.0;
				MARKETING_VERSION = 1.1.1;
				MTL_ENABLE_DEBUG_INFO = NO;
				MTL_FAST_MATH = YES;
				PRODUCT_NAME = "$(TARGET_NAME)";
				SDKROOT = iphoneos;
				STRING_CATALOG_GENERATE_SYMBOLS = YES;
				SWIFT_COMPILATION_MODE = wholemodule;
				SWIFT_OPTIMIZATION_LEVEL = "-O";
				SWIFT_VERSION = 5.0;
				TARGETED_DEVICE_FAMILY = "1,2";
			};
			name = Release;
		};
		F6CCEA26732A86AA7147EE1A /* Release */ = {
			isa = XCBuildConfiguration;
			buildSettings = {
				ASSETCATALOG_COMPILER_APPICON_NAME = AppIcon;
				ASSETCATALOG_COMPILER_GLOBAL_ACCENT_COLOR_NAME = AccentColor;
				CODE_SIGN_IDENTITY = "iPhone Developer";
				GENERATE_INFOPLIST_FILE = YES;
				INFOPLIST_FILE = Hokejbal/Info.plist;
				INFOPLIST_KEY_CFBundleDisplayName = Hokejbal;
				INFOPLIST_KEY_NSPhotoLibraryUsageDescription = "Vyber fotku pro svou profilovku.";
				INFOPLIST_KEY_NSUserNotificationsUsageDescription = "Volitelné upozornění na góly a výsledky oblíbených týmů.";
				INFOPLIST_KEY_UIApplicationSceneManifest_Generation = YES;
				INFOPLIST_KEY_UILaunchScreen_Generation = YES;
				INFOPLIST_KEY_UIRequiresFullScreen = YES;
				INFOPLIST_KEY_UISupportedInterfaceOrientations_iPad = "UIInterfaceOrientationPortrait UIInterfaceOrientationPortraitUpsideDown UIInterfaceOrientationLandscapeLeft UIInterfaceOrientationLandscapeRight";
				INFOPLIST_KEY_UISupportedInterfaceOrientations_iPhone = UIInterfaceOrientationPortrait;
				LD_RUNPATH_SEARCH_PATHS = (
					"$(inherited)",
					"@executable_path/Frameworks",
				);
				PRODUCT_BUNDLE_IDENTIFIER = cz.hokejbal.app;
				SDKROOT = iphoneos;
				SWIFT_EMIT_LOC_STRINGS = YES;
				TARGETED_DEVICE_FAMILY = "1,2";
			};
			name = Release;
		};
/* End XCBuildConfiguration section */

/* Begin XCConfigurationList section */
		4154ADBB52A7C8BC9B5961EE /* Build configuration list for PBXNativeTarget "Hokejbal" */ = {
			isa = XCConfigurationList;
			buildConfigurations = (
				16EFBDB92EF2BF449AD81704 /* Debug */,
				F6CCEA26732A86AA7147EE1A /* Release */,
			);
			defaultConfigurationIsVisible = 0;
			defaultConfigurationName = Debug;
		};
		CDA8A6D8FF35E3F3B8936D14 /* Build configuration list for PBXProject "Hokejbal" */ = {
			isa = XCConfigurationList;
			buildConfigurations = (
				1A94B155937DB73464CD7E02 /* Debug */,
				341B79E7D1E7E2EC7444937B /* Release */,
			);
			defaultConfigurationIsVisible = 0;
			defaultConfigurationName = Debug;
		};
/* End XCConfigurationList section */
	};
	rootObject = 5D2ADC086708AF16FEC7B674 /* Project object */;
}
